
Microsoft Visual Studio Solution File, Format Version 12.00
# Visual Studio Version 17
VisualStudioVersion = 17.8.34316.72
MinimumVisualStudioVersion = 10.0.40219.1
Project("{9A19103F-16F7-4668-BE54-9A1E7A4F7556}") = "In Forma", "In Forma.csproj", "{B761F1AB-8382-4745-AB56-861054C09587}"
EndProject
Global
	GlobalSection(SolutionConfigurationPlatforms) = preSolution
		Debug|Any CPU = Debug|Any CPU
		Release|Any CPU = Release|Any CPU
	EndGlobalSection
	GlobalSection(ProjectConfigurationPlatforms) = postSolution
		{B761F1AB-8382-4745-AB56-861054C09587}.Debug|Any CPU.ActiveCfg = Debug|Any CPU
		{B761F1AB-8382-4745-AB56-861054C09587}.Debug|Any CPU.Build.0 = Debug|Any CPU
		{B761F1AB-8382-4745-AB56-861054C09587}.Debug|Any CPU.Deploy.0 = Debug|Any CPU
		{B761F1AB-8382-4745-AB56-861054C09587}.Release|Any CPU.ActiveCfg = Release|Any CPU
		{B761F1AB-8382-4745-AB56-861054C09587}.Release|Any CPU.Build.0 = Release|Any CPU
		{B761F1AB-8382-4745-AB56-861054C09587}.Release|Any CPU.Deploy.0 = Release|Any CPU
	EndGlobalSection
	GlobalSection(SolutionProperties) = preSolution
		HideSolutionNode = FALSE
	EndGlobalSection
	GlobalSection(ExtensibilityGlobals) = postSolution
		SolutionGuid = {A183BE15-086E-466E-85F2-7D2FECE90FD7}
	EndGlobalSection
EndGlobal
